
Microsoft Visual Studio Solution File, Format Version 12.00
Project("{FAE04EC0-301F-11D3-BF4B-00C04F79EFBC}") = "AddTwoNumbers", "AddTwoNumbers\AddTwoNumbers.csproj", "{C2FA0097-FE01-4E01-A473-16461BFE67F5}"
EndProject
Global
	GlobalSection(SolutionConfigurationPlatforms) = preSolution
		Debug|Any CPU = Debug|Any CPU
		Release|Any CPU = Release|Any CPU
	EndGlobalSection
	GlobalSection(ProjectConfigurationPlatforms) = postSolution
		{C2FA0097-FE01-4E01-A473-16461BFE67F5}.Debug|Any CPU.ActiveCfg = Debug|Any CPU
		{C2FA0097-FE01-4E01-A473-16461BFE67F5}.Debug|Any CPU.Build.0 = Debug|Any CPU
		{C2FA0097-FE01-4E01-A473-16461BFE67F5}.Release|Any CPU.ActiveCfg = Release|Any CPU
		{C2FA0097-FE01-4E01-A473-16461BFE67F5}.Release|Any CPU.Build.0 = Release|Any CPU
	EndGlobalSection
EndGlobal
