
Microsoft Visual Studio Solution File, Format Version 12.00
Project("{FAE04EC0-301F-11D3-BF4B-00C04F79EFBC}") = "TwoSum", "TwoSum\TwoSum.csproj", "{5C960428-214E-426F-BDB9-430C5362F911}"
EndProject
Global
	GlobalSection(SolutionConfigurationPlatforms) = preSolution
		Debug|Any CPU = Debug|Any CPU
		Release|Any CPU = Release|Any CPU
	EndGlobalSection
	GlobalSection(ProjectConfigurationPlatforms) = postSolution
		{5C960428-214E-426F-BDB9-430C5362F911}.Debug|Any CPU.ActiveCfg = Debug|Any CPU
		{5C960428-214E-426F-BDB9-430C5362F911}.Debug|Any CPU.Build.0 = Debug|Any CPU
		{5C960428-214E-426F-BDB9-430C5362F911}.Release|Any CPU.ActiveCfg = Release|Any CPU
		{5C960428-214E-426F-BDB9-430C5362F911}.Release|Any CPU.Build.0 = Release|Any CPU
	EndGlobalSection
EndGlobal
